
Microsoft Visual Studio Solution File, Format Version 12.00
# Visual Studio 15
VisualStudioVersion = 15.0.28010.2036
MinimumVisualStudioVersion = 10.0.40219.1
Project("{8BC9CEB8-8B4A-11D0-8D11-00A0C91BC942}") = "AddNoise", "AddNoise\AddNoise.vcxproj", "{22165F25-0CC4-4325-963B-610F0B8FE480}"
EndProject
Project("{8BC9CEB8-8B4A-11D0-8D11-00A0C91BC942}") = "TemporalFiltering", "TemporalFiltering\TemporalFiltering.vcxproj", "{0EA2834D-FB4F-475D-AF28-6CB9E0D3CCE6}"
EndProject
Project("{8BC9CEB8-8B4A-11D0-8D11-00A0C91BC942}") = "FrequencyDomainFiltering", "FrequencyDomainFiltering\FrequencyDomainFiltering.vcxproj", "{DC89819E-FA0D-40D7-9C4E-A7AAF9A50B5A}"
EndProject
Global
	GlobalSection(SolutionConfigurationPlatforms) = preSolution
		Debug|x64 = Debug|x64
		Debug|x86 = Debug|x86
		Release|x64 = Release|x64
		Release|x86 = Release|x86
	EndGlobalSection
	GlobalSection(ProjectConfigurationPlatforms) = postSolution
		{22165F25-0CC4-4325-963B-610F0B8FE480}.Debug|x64.ActiveCfg = Debug|x64
		{22165F25-0CC4-4325-963B-610F0B8FE480}.Debug|x64.Build.0 = Debug|x64
		{22165F25-0CC4-4325-963B-610F0B8FE480}.Debug|x86.ActiveCfg = Debug|Win32
		{22165F25-0CC4-4325-963B-610F0B8FE480}.Debug|x86.Build.0 = Debug|Win32
		{22165F25-0CC4-4325-963B-610F0B8FE480}.Release|x64.ActiveCfg = Release|x64
		{22165F25-0CC4-4325-963B-610F0B8FE480}.Release|x64.Build.0 = Release|x64
		{22165F25-0CC4-4325-963B-610F0B8FE480}.Release|x86.ActiveCfg = Release|Win32
		{22165F25-0CC4-4325-963B-610F0B8FE480}.Release|x86.Build.0 = Release|Win32
		{0EA2834D-FB4F-475D-AF28-6CB9E0D3CCE6}.Debug|x64.ActiveCfg = Debug|x64
		{0EA2834D-FB4F-475D-AF28-6CB9E0D3CCE6}.Debug|x64.Build.0 = Debug|x64
		{0EA2834D-FB4F-475D-AF28-6CB9E0D3CCE6}.Debug|x86.ActiveCfg = Debug|Win32
		{0EA2834D-FB4F-475D-AF28-6CB9E0D3CCE6}.Debug|x86.Build.0 = Debug|Win32
		{0EA2834D-FB4F-475D-AF28-6CB9E0D3CCE6}.Release|x64.ActiveCfg = Release|x64
		{0EA2834D-FB4F-475D-AF28-6CB9E0D3CCE6}.Release|x64.Build.0 = Release|x64
		{0EA2834D-FB4F-475D-AF28-6CB9E0D3CCE6}.Release|x86.ActiveCfg = Release|Win32
		{0EA2834D-FB4F-475D-AF28-6CB9E0D3CCE6}.Release|x86.Build.0 = Release|Win32
		{DC89819E-FA0D-40D7-9C4E-A7AAF9A50B5A}.Debug|x64.ActiveCfg = Debug|x64
		{DC89819E-FA0D-40D7-9C4E-A7AAF9A50B5A}.Debug|x64.Build.0 = Debug|x64
		{DC89819E-FA0D-40D7-9C4E-A7AAF9A50B5A}.Debug|x86.ActiveCfg = Debug|Win32
		{DC89819E-FA0D-40D7-9C4E-A7AAF9A50B5A}.Debug|x86.Build.0 = Debug|Win32
		{DC89819E-FA0D-40D7-9C4E-A7AAF9A50B5A}.Release|x64.ActiveCfg = Release|x64
		{DC89819E-FA0D-40D7-9C4E-A7AAF9A50B5A}.Release|x64.Build.0 = Release|x64
		{DC89819E-FA0D-40D7-9C4E-A7AAF9A50B5A}.Release|x86.ActiveCfg = Release|Win32
		{DC89819E-FA0D-40D7-9C4E-A7AAF9A50B5A}.Release|x86.Build.0 = Release|Win32
	EndGlobalSection
	GlobalSection(SolutionProperties) = preSolution
		HideSolutionNode = FALSE
	EndGlobalSection
	GlobalSection(ExtensibilityGlobals) = postSolution
		SolutionGuid = {5BC7B8C4-4343-4F97-898A-CD75D8F68CA4}
	EndGlobalSection
EndGlobal
